
Microsoft Visual Studio Solution File, Format Version 12.00
# Visual Studio 15
VisualStudioVersion = 15.0.28307.1525
MinimumVisualStudioVersion = 10.0.40219.1
Project("{FAE04EC0-301F-11D3-BF4B-00C04F79EFBC}") = "PersonalsiteConverted", "PersonalsiteConverted\PersonalsiteConverted.csproj", "{CB4A0A5B-D3F9-457E-84B3-AA4BAB9EE0D9}"
EndProject
Project("{2150E333-8FDC-42A3-9474-1A3956D46DE8}") = "Solution Items", "Solution Items", "{E30B5767-5CFA-4731-ACEF-4FF95EBEE166}"
	ProjectSection(SolutionItems) = preProject
		.gitignore = .gitignore
	EndProjectSection
EndProject
Global
	GlobalSection(SolutionConfigurationPlatforms) = preSolution
		Debug|Any CPU = Debug|Any CPU
		Release|Any CPU = Release|Any CPU
	EndGlobalSection
	GlobalSection(ProjectConfigurationPlatforms) = postSolution
		{CB4A0A5B-D3F9-457E-84B3-AA4BAB9EE0D9}.Debug|Any CPU.ActiveCfg = Debug|Any CPU
		{CB4A0A5B-D3F9-457E-84B3-AA4BAB9EE0D9}.Debug|Any CPU.Build.0 = Debug|Any CPU
		{CB4A0A5B-D3F9-457E-84B3-AA4BAB9EE0D9}.Release|Any CPU.ActiveCfg = Release|Any CPU
		{CB4A0A5B-D3F9-457E-84B3-AA4BAB9EE0D9}.Release|Any CPU.Build.0 = Release|Any CPU
	EndGlobalSection
	GlobalSection(SolutionProperties) = preSolution
		HideSolutionNode = FALSE
	EndGlobalSection
	GlobalSection(ExtensibilityGlobals) = postSolution
		SolutionGuid = {A710562C-D424-46A9-A182-1303C625D2E8}
	EndGlobalSection
EndGlobal
